
Microsoft Visual Studio Solution File, Format Version 12.00
# Visual Studio Version 16
VisualStudioVersion = 16.0.30711.63
MinimumVisualStudioVersion = 10.0.40219.1
Project("{E53339B2-1760-4266-BCC7-CA923CBCF16C}") = "docker-compose", "Docker\docker-compose.dcproj", "{84CF93C1-9551-4A3B-8FC9-53FB7B08CB92}"
EndProject
Project("{9A19103F-16F7-4668-BE54-9A1E7A4F7556}") = "Schemes.Dal", "Schemes\Schemes.Dal\Schemes.Dal.csproj", "{89434C95-35A4-4750-8399-3F29B327FB86}"
EndProject
Project("{2150E333-8FDC-42A3-9474-1A3956D46DE8}") = "Schemes", "Schemes", "{2281BC8F-7CB8-4ACD-AD28-C00EFFDF0C4C}"
EndProject
Project("{9A19103F-16F7-4668-BE54-9A1E7A4F7556}") = "Schemes.Api", "Schemes\Schemes.Api\Schemes.Api.csproj", "{47034E7D-6982-4C19-8B9C-5D91B478DED3}"
EndProject
Project("{2150E333-8FDC-42A3-9474-1A3956D46DE8}") = "Web", "Web", "{E43B102A-A00D-45CA-9E7E-234375A2457C}"
EndProject
Project("{2150E333-8FDC-42A3-9474-1A3956D46DE8}") = "Upload", "Upload", "{DEF087AD-52C3-40FA-B448-F2270677EFA9}"
EndProject
Project("{9A19103F-16F7-4668-BE54-9A1E7A4F7556}") = "Schemes.Domain", "Schemes\Schemes.Domain\Schemes.Domain.csproj", "{43A80B42-33E2-4AAC-9DED-A99A23621349}"
EndProject
Project("{9A19103F-16F7-4668-BE54-9A1E7A4F7556}") = "Upload", "Upload\Upload.csproj", "{F90DC254-C3BA-4091-A8B8-16CE8C486357}"
EndProject
Project("{9A19103F-16F7-4668-BE54-9A1E7A4F7556}") = "Web", "Web\Web.csproj", "{22B84E34-47CB-4F3D-936C-D64CEE486F8A}"
EndProject
Project("{2150E333-8FDC-42A3-9474-1A3956D46DE8}") = "Auth", "Auth", "{00CC1994-37AD-431C-BC40-75B35C505941}"
EndProject
Project("{9A19103F-16F7-4668-BE54-9A1E7A4F7556}") = "Auth", "Auth\Auth.csproj", "{F20C30DF-EFF4-423E-A727-53AC17975AA0}"
EndProject
Global
	GlobalSection(SolutionConfigurationPlatforms) = preSolution
		Debug|Any CPU = Debug|Any CPU
		Release|Any CPU = Release|Any CPU
	EndGlobalSection
	GlobalSection(ProjectConfigurationPlatforms) = postSolution
		{84CF93C1-9551-4A3B-8FC9-53FB7B08CB92}.Debug|Any CPU.ActiveCfg = Debug|Any CPU
		{84CF93C1-9551-4A3B-8FC9-53FB7B08CB92}.Debug|Any CPU.Build.0 = Debug|Any CPU
		{84CF93C1-9551-4A3B-8FC9-53FB7B08CB92}.Release|Any CPU.ActiveCfg = Release|Any CPU
		{84CF93C1-9551-4A3B-8FC9-53FB7B08CB92}.Release|Any CPU.Build.0 = Release|Any CPU
		{89434C95-35A4-4750-8399-3F29B327FB86}.Debug|Any CPU.ActiveCfg = Debug|Any CPU
		{89434C95-35A4-4750-8399-3F29B327FB86}.Debug|Any CPU.Build.0 = Debug|Any CPU
		{89434C95-35A4-4750-8399-3F29B327FB86}.Release|Any CPU.ActiveCfg = Release|Any CPU
		{89434C95-35A4-4750-8399-3F29B327FB86}.Release|Any CPU.Build.0 = Release|Any CPU
		{47034E7D-6982-4C19-8B9C-5D91B478DED3}.Debug|Any CPU.ActiveCfg = Debug|Any CPU
		{47034E7D-6982-4C19-8B9C-5D91B478DED3}.Debug|Any CPU.Build.0 = Debug|Any CPU
		{47034E7D-6982-4C19-8B9C-5D91B478DED3}.Release|Any CPU.ActiveCfg = Release|Any CPU
		{47034E7D-6982-4C19-8B9C-5D91B478DED3}.Release|Any CPU.Build.0 = Release|Any CPU
		{43A80B42-33E2-4AAC-9DED-A99A23621349}.Debug|Any CPU.ActiveCfg = Debug|Any CPU
		{43A80B42-33E2-4AAC-9DED-A99A23621349}.Debug|Any CPU.Build.0 = Debug|Any CPU
		{43A80B42-33E2-4AAC-9DED-A99A23621349}.Release|Any CPU.ActiveCfg = Release|Any CPU
		{43A80B42-33E2-4AAC-9DED-A99A23621349}.Release|Any CPU.Build.0 = Release|Any CPU
		{F90DC254-C3BA-4091-A8B8-16CE8C486357}.Debug|Any CPU.ActiveCfg = Debug|Any CPU
		{F90DC254-C3BA-4091-A8B8-16CE8C486357}.Debug|Any CPU.Build.0 = Debug|Any CPU
		{F90DC254-C3BA-4091-A8B8-16CE8C486357}.Release|Any CPU.ActiveCfg = Release|Any CPU
		{F90DC254-C3BA-4091-A8B8-16CE8C486357}.Release|Any CPU.Build.0 = Release|Any CPU
		{22B84E34-47CB-4F3D-936C-D64CEE486F8A}.Debug|Any CPU.ActiveCfg = Debug|Any CPU
		{22B84E34-47CB-4F3D-936C-D64CEE486F8A}.Debug|Any CPU.Build.0 = Debug|Any CPU
		{22B84E34-47CB-4F3D-936C-D64CEE486F8A}.Release|Any CPU.ActiveCfg = Release|Any CPU
		{22B84E34-47CB-4F3D-936C-D64CEE486F8A}.Release|Any CPU.Build.0 = Release|Any CPU
		{F20C30DF-EFF4-423E-A727-53AC17975AA0}.Debug|Any CPU.ActiveCfg = Debug|Any CPU
		{F20C30DF-EFF4-423E-A727-53AC17975AA0}.Debug|Any CPU.Build.0 = Debug|Any CPU
		{F20C30DF-EFF4-423E-A727-53AC17975AA0}.Release|Any CPU.ActiveCfg = Release|Any CPU
		{F20C30DF-EFF4-423E-A727-53AC17975AA0}.Release|Any CPU.Build.0 = Release|Any CPU
	EndGlobalSection
	GlobalSection(SolutionProperties) = preSolution
		HideSolutionNode = FALSE
	EndGlobalSection
	GlobalSection(NestedProjects) = preSolution
		{89434C95-35A4-4750-8399-3F29B327FB86} = {2281BC8F-7CB8-4ACD-AD28-C00EFFDF0C4C}
		{47034E7D-6982-4C19-8B9C-5D91B478DED3} = {2281BC8F-7CB8-4ACD-AD28-C00EFFDF0C4C}
		{43A80B42-33E2-4AAC-9DED-A99A23621349} = {2281BC8F-7CB8-4ACD-AD28-C00EFFDF0C4C}
		{F90DC254-C3BA-4091-A8B8-16CE8C486357} = {DEF087AD-52C3-40FA-B448-F2270677EFA9}
		{22B84E34-47CB-4F3D-936C-D64CEE486F8A} = {E43B102A-A00D-45CA-9E7E-234375A2457C}
		{F20C30DF-EFF4-423E-A727-53AC17975AA0} = {00CC1994-37AD-431C-BC40-75B35C505941}
	EndGlobalSection
	GlobalSection(ExtensibilityGlobals) = postSolution
		SolutionGuid = {72203250-9C36-4E97-B588-281AA11219D2}
	EndGlobalSection
EndGlobal
