
Microsoft Visual Studio Solution File, Format Version 12.00
# Visual Studio Version 16
VisualStudioVersion = 16.0.30711.63
MinimumVisualStudioVersion = 10.0.40219.1
Project("{FAE04EC0-301F-11D3-BF4B-00C04F79EFBC}") = "Schemes", "Schemes\Schemes.csproj", "{A5B6D91F-3791-4B18-BC78-85428658F897}"
EndProject
Project("{E53339B2-1760-4266-BCC7-CA923CBCF16C}") = "docker-compose", "docker-compose.dcproj", "{84CF93C1-9551-4A3B-8FC9-53FB7B08CB92}"
EndProject
Project("{FAE04EC0-301F-11D3-BF4B-00C04F79EFBC}") = "Schemes.Dal", "..\Schemes.Dal\Schemes.Dal.csproj", "{89434C95-35A4-4750-8399-3F29B327FB86}"
EndProject
Global
	GlobalSection(SolutionConfigurationPlatforms) = preSolution
		Debug|Any CPU = Debug|Any CPU
		Release|Any CPU = Release|Any CPU
	EndGlobalSection
	GlobalSection(ProjectConfigurationPlatforms) = postSolution
		{A5B6D91F-3791-4B18-BC78-85428658F897}.Debug|Any CPU.ActiveCfg = Debug|Any CPU
		{A5B6D91F-3791-4B18-BC78-85428658F897}.Debug|Any CPU.Build.0 = Debug|Any CPU
		{A5B6D91F-3791-4B18-BC78-85428658F897}.Release|Any CPU.ActiveCfg = Release|Any CPU
		{A5B6D91F-3791-4B18-BC78-85428658F897}.Release|Any CPU.Build.0 = Release|Any CPU
		{84CF93C1-9551-4A3B-8FC9-53FB7B08CB92}.Debug|Any CPU.ActiveCfg = Debug|Any CPU
		{84CF93C1-9551-4A3B-8FC9-53FB7B08CB92}.Debug|Any CPU.Build.0 = Debug|Any CPU
		{84CF93C1-9551-4A3B-8FC9-53FB7B08CB92}.Release|Any CPU.ActiveCfg = Release|Any CPU
		{84CF93C1-9551-4A3B-8FC9-53FB7B08CB92}.Release|Any CPU.Build.0 = Release|Any CPU
		{89434C95-35A4-4750-8399-3F29B327FB86}.Debug|Any CPU.ActiveCfg = Debug|Any CPU
		{89434C95-35A4-4750-8399-3F29B327FB86}.Debug|Any CPU.Build.0 = Debug|Any CPU
		{89434C95-35A4-4750-8399-3F29B327FB86}.Release|Any CPU.ActiveCfg = Release|Any CPU
		{89434C95-35A4-4750-8399-3F29B327FB86}.Release|Any CPU.Build.0 = Release|Any CPU
	EndGlobalSection
	GlobalSection(SolutionProperties) = preSolution
		HideSolutionNode = FALSE
	EndGlobalSection
	GlobalSection(ExtensibilityGlobals) = postSolution
		SolutionGuid = {72203250-9C36-4E97-B588-281AA11219D2}
	EndGlobalSection
EndGlobal
